
Microsoft Visual Studio Solution File, Format Version 12.00
# Visual Studio Version 16
VisualStudioVersion = 16.0.30517.126
MinimumVisualStudioVersion = 10.0.40219.1
Project("{FAE04EC0-301F-11D3-BF4B-00C04F79EFBC}") = "Ejercicio1", "Ejercicio1\Ejercicio1.csproj", "{8550EE7F-93BB-4211-8030-3C62C0D3C513}"
EndProject
Project("{FAE04EC0-301F-11D3-BF4B-00C04F79EFBC}") = "Ejercicio2", "Ejercicio2\Ejercicio2.csproj", "{9D7EC9A9-8FDC-4904-98AC-BAFFBDD8734A}"
EndProject
Global
	GlobalSection(SolutionConfigurationPlatforms) = preSolution
		Debug|Any CPU = Debug|Any CPU
		Release|Any CPU = Release|Any CPU
	EndGlobalSection
	GlobalSection(ProjectConfigurationPlatforms) = postSolution
		{8550EE7F-93BB-4211-8030-3C62C0D3C513}.Debug|Any CPU.ActiveCfg = Debug|Any CPU
		{8550EE7F-93BB-4211-8030-3C62C0D3C513}.Debug|Any CPU.Build.0 = Debug|Any CPU
		{8550EE7F-93BB-4211-8030-3C62C0D3C513}.Release|Any CPU.ActiveCfg = Release|Any CPU
		{8550EE7F-93BB-4211-8030-3C62C0D3C513}.Release|Any CPU.Build.0 = Release|Any CPU
		{9D7EC9A9-8FDC-4904-98AC-BAFFBDD8734A}.Debug|Any CPU.ActiveCfg = Debug|Any CPU
		{9D7EC9A9-8FDC-4904-98AC-BAFFBDD8734A}.Debug|Any CPU.Build.0 = Debug|Any CPU
		{9D7EC9A9-8FDC-4904-98AC-BAFFBDD8734A}.Release|Any CPU.ActiveCfg = Release|Any CPU
		{9D7EC9A9-8FDC-4904-98AC-BAFFBDD8734A}.Release|Any CPU.Build.0 = Release|Any CPU
	EndGlobalSection
	GlobalSection(SolutionProperties) = preSolution
		HideSolutionNode = FALSE
	EndGlobalSection
	GlobalSection(ExtensibilityGlobals) = postSolution
		SolutionGuid = {B6B5F08D-162F-4463-8EC2-9222F219400A}
	EndGlobalSection
EndGlobal
