
Microsoft Visual Studio Solution File, Format Version 12.00
# Visual Studio Version 16
VisualStudioVersion = 16.0.30711.63
MinimumVisualStudioVersion = 10.0.40219.1
Project("{FAE04EC0-301F-11D3-BF4B-00C04F79EFBC}") = "CRUDPersonas_Entidades", "CRUDPersonas_Entidades\CRUDPersonas_Entidades.csproj", "{3E9D95D0-71CB-47D9-8BED-89AF9FFABAA1}"
EndProject
Project("{FAE04EC0-301F-11D3-BF4B-00C04F79EFBC}") = "CRUDPersonas_BL", "CRUDPersonas_BL\CRUDPersonas_BL.csproj", "{12F64D70-3AD8-4174-A414-B81A5975A98A}"
EndProject
Project("{FAE04EC0-301F-11D3-BF4B-00C04F79EFBC}") = "CRUDPersonas_DAL", "CRUDPersonas_DAL\CRUDPersonas_DAL.csproj", "{F07C2DA7-CE80-48C3-AB09-C095B584EBFE}"
EndProject
Project("{FAE04EC0-301F-11D3-BF4B-00C04F79EFBC}") = "CRUDPersonas-UI", "CRUDPersonas-UI\CRUDPersonas-UI.csproj", "{E58853B0-DEB4-4A8C-9C79-CF6006A51871}"
EndProject
Project("{FAE04EC0-301F-11D3-BF4B-00C04F79EFBC}") = "API", "API\API.csproj", "{70FD013B-5B9E-40CE-8823-000036DC62FE}"
EndProject
Global
	GlobalSection(SolutionConfigurationPlatforms) = preSolution
		Debug|Any CPU = Debug|Any CPU
		Release|Any CPU = Release|Any CPU
	EndGlobalSection
	GlobalSection(ProjectConfigurationPlatforms) = postSolution
		{3E9D95D0-71CB-47D9-8BED-89AF9FFABAA1}.Debug|Any CPU.ActiveCfg = Debug|Any CPU
		{3E9D95D0-71CB-47D9-8BED-89AF9FFABAA1}.Debug|Any CPU.Build.0 = Debug|Any CPU
		{3E9D95D0-71CB-47D9-8BED-89AF9FFABAA1}.Release|Any CPU.ActiveCfg = Release|Any CPU
		{3E9D95D0-71CB-47D9-8BED-89AF9FFABAA1}.Release|Any CPU.Build.0 = Release|Any CPU
		{12F64D70-3AD8-4174-A414-B81A5975A98A}.Debug|Any CPU.ActiveCfg = Debug|Any CPU
		{12F64D70-3AD8-4174-A414-B81A5975A98A}.Debug|Any CPU.Build.0 = Debug|Any CPU
		{12F64D70-3AD8-4174-A414-B81A5975A98A}.Release|Any CPU.ActiveCfg = Release|Any CPU
		{12F64D70-3AD8-4174-A414-B81A5975A98A}.Release|Any CPU.Build.0 = Release|Any CPU
		{F07C2DA7-CE80-48C3-AB09-C095B584EBFE}.Debug|Any CPU.ActiveCfg = Debug|Any CPU
		{F07C2DA7-CE80-48C3-AB09-C095B584EBFE}.Debug|Any CPU.Build.0 = Debug|Any CPU
		{F07C2DA7-CE80-48C3-AB09-C095B584EBFE}.Release|Any CPU.ActiveCfg = Release|Any CPU
		{F07C2DA7-CE80-48C3-AB09-C095B584EBFE}.Release|Any CPU.Build.0 = Release|Any CPU
		{E58853B0-DEB4-4A8C-9C79-CF6006A51871}.Debug|Any CPU.ActiveCfg = Debug|Any CPU
		{E58853B0-DEB4-4A8C-9C79-CF6006A51871}.Debug|Any CPU.Build.0 = Debug|Any CPU
		{E58853B0-DEB4-4A8C-9C79-CF6006A51871}.Release|Any CPU.ActiveCfg = Release|Any CPU
		{E58853B0-DEB4-4A8C-9C79-CF6006A51871}.Release|Any CPU.Build.0 = Release|Any CPU
		{70FD013B-5B9E-40CE-8823-000036DC62FE}.Debug|Any CPU.ActiveCfg = Debug|Any CPU
		{70FD013B-5B9E-40CE-8823-000036DC62FE}.Debug|Any CPU.Build.0 = Debug|Any CPU
		{70FD013B-5B9E-40CE-8823-000036DC62FE}.Release|Any CPU.ActiveCfg = Release|Any CPU
		{70FD013B-5B9E-40CE-8823-000036DC62FE}.Release|Any CPU.Build.0 = Release|Any CPU
	EndGlobalSection
	GlobalSection(SolutionProperties) = preSolution
		HideSolutionNode = FALSE
	EndGlobalSection
	GlobalSection(ExtensibilityGlobals) = postSolution
		SolutionGuid = {F9057E3B-EFBF-4D4C-8FF1-CE6C238BFA18}
	EndGlobalSection
EndGlobal
